
Microsoft Visual Studio Solution File, Format Version 12.00
# Visual Studio 15
VisualStudioVersion = 15.0.28307.168
MinimumVisualStudioVersion = 10.0.40219.1
Project("{9A19103F-16F7-4668-BE54-9A1E7A4F7556}") = "Twitch", "Twitch\Twitch.csproj", "{799FE000-065D-405B-9295-A0B133D513A1}"
EndProject
Project("{2150E333-8FDC-42A3-9474-1A3956D46DE8}") = "README", "README", "{3BB40C82-3516-43F8-B0AC-5E76F5D385C1}"
	ProjectSection(SolutionItems) = preProject
		.gitignore = .gitignore
		README.md = README.md
	EndProjectSection
EndProject
Global
	GlobalSection(SolutionConfigurationPlatforms) = preSolution
		Debug|Any CPU = Debug|Any CPU
		Release|Any CPU = Release|Any CPU
	EndGlobalSection
	GlobalSection(ProjectConfigurationPlatforms) = postSolution
		{799FE000-065D-405B-9295-A0B133D513A1}.Debug|Any CPU.ActiveCfg = Debug|Any CPU
		{799FE000-065D-405B-9295-A0B133D513A1}.Debug|Any CPU.Build.0 = Debug|Any CPU
		{799FE000-065D-405B-9295-A0B133D513A1}.Release|Any CPU.ActiveCfg = Release|Any CPU
		{799FE000-065D-405B-9295-A0B133D513A1}.Release|Any CPU.Build.0 = Release|Any CPU
	EndGlobalSection
	GlobalSection(SolutionProperties) = preSolution
		HideSolutionNode = FALSE
	EndGlobalSection
	GlobalSection(ExtensibilityGlobals) = postSolution
		SolutionGuid = {A0E662A5-6796-44C8-9014-55E20679E923}
	EndGlobalSection
EndGlobal
